
Microsoft Visual Studio Solution File, Format Version 12.00
# Visual Studio Version 17
VisualStudioVersion = 17.9.34728.123
MinimumVisualStudioVersion = 10.0.40219.1
Project("{9A19103F-16F7-4668-BE54-9A1E7A4F7556}") = "JobCandidateHub.API", "API\JobCandidateHub.API\JobCandidateHub.API.csproj", "{2DD99A60-1EBD-497F-A32E-5D21DE854249}"
EndProject
Project("{2150E333-8FDC-42A3-9474-1A3956D46DE8}") = "API", "API", "{C074DD46-A7CA-4AA1-AD14-5DC1F4C5F3A8}"
EndProject
Project("{2150E333-8FDC-42A3-9474-1A3956D46DE8}") = "Core", "Core", "{E8790076-C2F4-4927-A362-012FB5D6F3F6}"
EndProject
Project("{2150E333-8FDC-42A3-9474-1A3956D46DE8}") = "Infrastructure", "Infrastructure", "{EB167B79-0DDD-44EE-85EC-E6949AEC4483}"
EndProject
Project("{9A19103F-16F7-4668-BE54-9A1E7A4F7556}") = "JobCandidateHub.Application", "JobCandidateHub.Application\JobCandidateHub.Application.csproj", "{4064F466-739E-4F17-9468-15D7AB83F13A}"
EndProject
Project("{9A19103F-16F7-4668-BE54-9A1E7A4F7556}") = "JobCandidateHub.Domain", "JobCandidateHub.Domain\JobCandidateHub.Domain.csproj", "{5E6F2162-5597-49A1-B0FB-83830C9B55DD}"
EndProject
Project("{9A19103F-16F7-4668-BE54-9A1E7A4F7556}") = "JobCandidateHub.DataAccessLayer", "JobCandidateHub.DataAccessLayer\JobCandidateHub.DataAccessLayer.csproj", "{1C1F0069-FFF1-48AC-8EC6-6B6B0F60288A}"
EndProject
Project("{2150E333-8FDC-42A3-9474-1A3956D46DE8}") = "Tests", "Tests", "{23324E15-23DF-4C59-8990-5F9D1E83787B}"
EndProject
Project("{2150E333-8FDC-42A3-9474-1A3956D46DE8}") = "src", "src", "{D93E2351-F986-41B4-8861-DFFB96D92BB9}"
EndProject
Project("{2150E333-8FDC-42A3-9474-1A3956D46DE8}") = "API.Tests", "API.Tests", "{76F6F5D0-891E-4603-BD47-3BEDA56F9474}"
EndProject
Project("{FAE04EC0-301F-11D3-BF4B-00C04F79EFBC}") = "JobCandidateHub.API.Tests", "JobCandidateHub.API.Tests\JobCandidateHub.API.Tests.csproj", "{3604DAD4-4424-412E-A22F-73CC014A2079}"
EndProject
Project("{2150E333-8FDC-42A3-9474-1A3956D46DE8}") = "Core.Tests", "Core.Tests", "{437844A5-02A5-42E5-9F03-FEA1DD798781}"
EndProject
Project("{FAE04EC0-301F-11D3-BF4B-00C04F79EFBC}") = "JobCandidateHub.Application.Tests", "JobCandidateHub.Application.Tests\JobCandidateHub.Application.Tests.csproj", "{0F3D825A-408C-447D-B0B9-5DE6A6A62816}"
EndProject
Project("{FAE04EC0-301F-11D3-BF4B-00C04F79EFBC}") = "JobCandidateHub.Domain.Tests", "JobCandidateHub.Domain.Tests\JobCandidateHub.Domain.Tests.csproj", "{89DDB2B4-B580-41EF-9E0B-341041C5996F}"
EndProject
Project("{2150E333-8FDC-42A3-9474-1A3956D46DE8}") = "Infrastructure.Tests", "Infrastructure.Tests", "{689194B3-CB5A-4D0A-9B4C-2E10F46178DE}"
EndProject
Project("{FAE04EC0-301F-11D3-BF4B-00C04F79EFBC}") = "JobCandidateHub.DataAccessLayer.Tests", "JobCandidateHub.DataAccessLayer.Tests\JobCandidateHub.DataAccessLayer.Tests.csproj", "{B7B8482C-5F58-4AA2-9B75-303901C0EB3D}"
EndProject
Global
	GlobalSection(SolutionConfigurationPlatforms) = preSolution
		Debug|Any CPU = Debug|Any CPU
		Release|Any CPU = Release|Any CPU
	EndGlobalSection
	GlobalSection(ProjectConfigurationPlatforms) = postSolution
		{2DD99A60-1EBD-497F-A32E-5D21DE854249}.Debug|Any CPU.ActiveCfg = Debug|Any CPU
		{2DD99A60-1EBD-497F-A32E-5D21DE854249}.Debug|Any CPU.Build.0 = Debug|Any CPU
		{2DD99A60-1EBD-497F-A32E-5D21DE854249}.Release|Any CPU.ActiveCfg = Release|Any CPU
		{2DD99A60-1EBD-497F-A32E-5D21DE854249}.Release|Any CPU.Build.0 = Release|Any CPU
		{4064F466-739E-4F17-9468-15D7AB83F13A}.Debug|Any CPU.ActiveCfg = Debug|Any CPU
		{4064F466-739E-4F17-9468-15D7AB83F13A}.Debug|Any CPU.Build.0 = Debug|Any CPU
		{4064F466-739E-4F17-9468-15D7AB83F13A}.Release|Any CPU.ActiveCfg = Release|Any CPU
		{4064F466-739E-4F17-9468-15D7AB83F13A}.Release|Any CPU.Build.0 = Release|Any CPU
		{5E6F2162-5597-49A1-B0FB-83830C9B55DD}.Debug|Any CPU.ActiveCfg = Debug|Any CPU
		{5E6F2162-5597-49A1-B0FB-83830C9B55DD}.Debug|Any CPU.Build.0 = Debug|Any CPU
		{5E6F2162-5597-49A1-B0FB-83830C9B55DD}.Release|Any CPU.ActiveCfg = Release|Any CPU
		{5E6F2162-5597-49A1-B0FB-83830C9B55DD}.Release|Any CPU.Build.0 = Release|Any CPU
		{1C1F0069-FFF1-48AC-8EC6-6B6B0F60288A}.Debug|Any CPU.ActiveCfg = Debug|Any CPU
		{1C1F0069-FFF1-48AC-8EC6-6B6B0F60288A}.Debug|Any CPU.Build.0 = Debug|Any CPU
		{1C1F0069-FFF1-48AC-8EC6-6B6B0F60288A}.Release|Any CPU.ActiveCfg = Release|Any CPU
		{1C1F0069-FFF1-48AC-8EC6-6B6B0F60288A}.Release|Any CPU.Build.0 = Release|Any CPU
		{3604DAD4-4424-412E-A22F-73CC014A2079}.Debug|Any CPU.ActiveCfg = Debug|Any CPU
		{3604DAD4-4424-412E-A22F-73CC014A2079}.Debug|Any CPU.Build.0 = Debug|Any CPU
		{3604DAD4-4424-412E-A22F-73CC014A2079}.Release|Any CPU.ActiveCfg = Release|Any CPU
		{3604DAD4-4424-412E-A22F-73CC014A2079}.Release|Any CPU.Build.0 = Release|Any CPU
		{0F3D825A-408C-447D-B0B9-5DE6A6A62816}.Debug|Any CPU.ActiveCfg = Debug|Any CPU
		{0F3D825A-408C-447D-B0B9-5DE6A6A62816}.Debug|Any CPU.Build.0 = Debug|Any CPU
		{0F3D825A-408C-447D-B0B9-5DE6A6A62816}.Release|Any CPU.ActiveCfg = Release|Any CPU
		{0F3D825A-408C-447D-B0B9-5DE6A6A62816}.Release|Any CPU.Build.0 = Release|Any CPU
		{89DDB2B4-B580-41EF-9E0B-341041C5996F}.Debug|Any CPU.ActiveCfg = Debug|Any CPU
		{89DDB2B4-B580-41EF-9E0B-341041C5996F}.Debug|Any CPU.Build.0 = Debug|Any CPU
		{89DDB2B4-B580-41EF-9E0B-341041C5996F}.Release|Any CPU.ActiveCfg = Release|Any CPU
		{89DDB2B4-B580-41EF-9E0B-341041C5996F}.Release|Any CPU.Build.0 = Release|Any CPU
		{B7B8482C-5F58-4AA2-9B75-303901C0EB3D}.Debug|Any CPU.ActiveCfg = Debug|Any CPU
		{B7B8482C-5F58-4AA2-9B75-303901C0EB3D}.Debug|Any CPU.Build.0 = Debug|Any CPU
		{B7B8482C-5F58-4AA2-9B75-303901C0EB3D}.Release|Any CPU.ActiveCfg = Release|Any CPU
		{B7B8482C-5F58-4AA2-9B75-303901C0EB3D}.Release|Any CPU.Build.0 = Release|Any CPU
	EndGlobalSection
	GlobalSection(SolutionProperties) = preSolution
		HideSolutionNode = FALSE
	EndGlobalSection
	GlobalSection(NestedProjects) = preSolution
		{2DD99A60-1EBD-497F-A32E-5D21DE854249} = {C074DD46-A7CA-4AA1-AD14-5DC1F4C5F3A8}
		{C074DD46-A7CA-4AA1-AD14-5DC1F4C5F3A8} = {D93E2351-F986-41B4-8861-DFFB96D92BB9}
		{E8790076-C2F4-4927-A362-012FB5D6F3F6} = {D93E2351-F986-41B4-8861-DFFB96D92BB9}
		{EB167B79-0DDD-44EE-85EC-E6949AEC4483} = {D93E2351-F986-41B4-8861-DFFB96D92BB9}
		{4064F466-739E-4F17-9468-15D7AB83F13A} = {E8790076-C2F4-4927-A362-012FB5D6F3F6}
		{5E6F2162-5597-49A1-B0FB-83830C9B55DD} = {E8790076-C2F4-4927-A362-012FB5D6F3F6}
		{1C1F0069-FFF1-48AC-8EC6-6B6B0F60288A} = {EB167B79-0DDD-44EE-85EC-E6949AEC4483}
		{76F6F5D0-891E-4603-BD47-3BEDA56F9474} = {23324E15-23DF-4C59-8990-5F9D1E83787B}
		{3604DAD4-4424-412E-A22F-73CC014A2079} = {76F6F5D0-891E-4603-BD47-3BEDA56F9474}
		{437844A5-02A5-42E5-9F03-FEA1DD798781} = {23324E15-23DF-4C59-8990-5F9D1E83787B}
		{0F3D825A-408C-447D-B0B9-5DE6A6A62816} = {437844A5-02A5-42E5-9F03-FEA1DD798781}
		{89DDB2B4-B580-41EF-9E0B-341041C5996F} = {437844A5-02A5-42E5-9F03-FEA1DD798781}
		{689194B3-CB5A-4D0A-9B4C-2E10F46178DE} = {23324E15-23DF-4C59-8990-5F9D1E83787B}
		{B7B8482C-5F58-4AA2-9B75-303901C0EB3D} = {689194B3-CB5A-4D0A-9B4C-2E10F46178DE}
	EndGlobalSection
	GlobalSection(ExtensibilityGlobals) = postSolution
		SolutionGuid = {49B50BAC-D401-4B4E-9169-FB6CB7B695FD}
	EndGlobalSection
EndGlobal
